
Microsoft Visual Studio Solution File, Format Version 12.00
# Visual Studio 15
VisualStudioVersion = 15.0.28307.1209
MinimumVisualStudioVersion = 10.0.40219.1
Project("{FAE04EC0-301F-11D3-BF4B-00C04F79EFBC}") = "ArrayListApp", "ArrayListApp\ArrayListApp.csproj", "{310867FF-30A7-4C5F-9AF6-3DE9BA30BA0A}"
EndProject
Global
	GlobalSection(SolutionConfigurationPlatforms) = preSolution
		Debug|Any CPU = Debug|Any CPU
		Release|Any CPU = Release|Any CPU
	EndGlobalSection
	GlobalSection(ProjectConfigurationPlatforms) = postSolution
		{310867FF-30A7-4C5F-9AF6-3DE9BA30BA0A}.Debug|Any CPU.ActiveCfg = Debug|Any CPU
		{310867FF-30A7-4C5F-9AF6-3DE9BA30BA0A}.Debug|Any CPU.Build.0 = Debug|Any CPU
		{310867FF-30A7-4C5F-9AF6-3DE9BA30BA0A}.Release|Any CPU.ActiveCfg = Release|Any CPU
		{310867FF-30A7-4C5F-9AF6-3DE9BA30BA0A}.Release|Any CPU.Build.0 = Release|Any CPU
	EndGlobalSection
	GlobalSection(SolutionProperties) = preSolution
		HideSolutionNode = FALSE
	EndGlobalSection
	GlobalSection(ExtensibilityGlobals) = postSolution
		SolutionGuid = {D6C9D170-5A27-453E-9C3A-DF7B5D436056}
	EndGlobalSection
EndGlobal
