
Microsoft Visual Studio Solution File, Format Version 12.00
# Visual Studio 15
VisualStudioVersion = 15.0.28307.1209
MinimumVisualStudioVersion = 10.0.40219.1
Project("{FAE04EC0-301F-11D3-BF4B-00C04F79EFBC}") = "Lecture 85 Hashmap", "Lecture 85 Hashmap\Lecture 85 Hashmap.csproj", "{C14A25BC-C155-410D-BA4A-18C1687B5EFF}"
EndProject
Global
	GlobalSection(SolutionConfigurationPlatforms) = preSolution
		Debug|Any CPU = Debug|Any CPU
		Release|Any CPU = Release|Any CPU
	EndGlobalSection
	GlobalSection(ProjectConfigurationPlatforms) = postSolution
		{C14A25BC-C155-410D-BA4A-18C1687B5EFF}.Debug|Any CPU.ActiveCfg = Debug|Any CPU
		{C14A25BC-C155-410D-BA4A-18C1687B5EFF}.Debug|Any CPU.Build.0 = Debug|Any CPU
		{C14A25BC-C155-410D-BA4A-18C1687B5EFF}.Release|Any CPU.ActiveCfg = Release|Any CPU
		{C14A25BC-C155-410D-BA4A-18C1687B5EFF}.Release|Any CPU.Build.0 = Release|Any CPU
	EndGlobalSection
	GlobalSection(SolutionProperties) = preSolution
		HideSolutionNode = FALSE
	EndGlobalSection
	GlobalSection(ExtensibilityGlobals) = postSolution
		SolutionGuid = {878C64EC-8477-4C69-997D-7FD4B790BA7F}
	EndGlobalSection
EndGlobal
